
Microsoft Visual Studio Solution File, Format Version 12.00
Project("{FAE04EC0-301F-11D3-BF4B-00C04F79EFBC}") = "AH.Collections", "AH.Collections\AH.Collections.csproj", "{EB720B5D-A8ED-413E-83FA-9E8C27CE590F}"
EndProject
Project("{FAE04EC0-301F-11D3-BF4B-00C04F79EFBC}") = "AH.Serialization", "AH.Serialization\AH.Serialization.csproj", "{35AF2C33-937D-4389-A603-4C80C44560DD}"
EndProject
Project("{FAE04EC0-301F-11D3-BF4B-00C04F79EFBC}") = "AH.Collections.Enumerables", "AH.Collections.Enumerables\AH.Collections.Enumerables.csproj", "{AB45EC31-CDAB-42E0-BE19-19A80E130393}"
EndProject
Project("{FAE04EC0-301F-11D3-BF4B-00C04F79EFBC}") = "AH.Collections.Dictionaries", "AH.Collections.Dictionaries\AH.Collections.Dictionaries.csproj", "{938072E9-8144-476D-A528-080480F9526B}"
EndProject
Project("{FAE04EC0-301F-11D3-BF4B-00C04F79EFBC}") = "AH.Collections.HashSets", "AH.Collections.HashSets\AH.Collections.HashSets.csproj", "{22FA2D37-D368-4829-B113-76CBD2EC8972}"
EndProject
Project("{FAE04EC0-301F-11D3-BF4B-00C04F79EFBC}") = "AH.Collections.Lists", "AH.Collections.Lists\AH.Collections.Lists.csproj", "{22A70F2B-5D04-47B2-B862-7F76E2A71FFE}"
EndProject
Project("{FAE04EC0-301F-11D3-BF4B-00C04F79EFBC}") = "AH.Primitives.Chars", "AH.Primitives.Chars\AH.Primitives.Chars.csproj", "{ED3E2963-85EC-4E69-BBAE-6E0AE38F0D45}"
EndProject
Project("{FAE04EC0-301F-11D3-BF4B-00C04F79EFBC}") = "AH.Primitives.Numbers", "AH.Primitives.Numbers\AH.Primitives.Numbers.csproj", "{C48C5ADF-8FB9-4320-AF3A-42354D0CA4EC}"
EndProject
Project("{FAE04EC0-301F-11D3-BF4B-00C04F79EFBC}") = "AH.Primitives.Strings", "AH.Primitives.Strings\AH.Primitives.Strings.csproj", "{3E703188-3994-476E-86B4-510C45A91355}"
EndProject
Project("{FAE04EC0-301F-11D3-BF4B-00C04F79EFBC}") = "AH.Collections.Essentials.Exceptions", "AH.Collections.Essentials.Exceptions\AH.Collections.Essentials.Exceptions.csproj", "{8E802526-E5F1-4527-ADA3-68BF3B795EEC}"
EndProject
Project("{FAE04EC0-301F-11D3-BF4B-00C04F79EFBC}") = "AH.NET", "AH.NET\AH.NET.csproj", "{3EC8C563-9850-4594-AAFE-50588A4DEDB0}"
EndProject
Project("{FAE04EC0-301F-11D3-BF4B-00C04F79EFBC}") = "AH.Collections.Enumerables.Tests", "AH.Collections.Enumerables.Tests\AH.Collections.Enumerables.Tests.csproj", "{31C9E619-49FD-48E5-99AB-8A2D22883148}"
EndProject
Project("{FAE04EC0-301F-11D3-BF4B-00C04F79EFBC}") = "AH.Disposables", "AH.Disposables\AH.Disposables.csproj", "{9EABFA04-F6DA-4D2C-BA9D-DC4381A46955}"
EndProject
Project("{FAE04EC0-301F-11D3-BF4B-00C04F79EFBC}") = "AH.Collections.ReadOnlyDictionaries", "AH.Collections.ReadOnlyDictionaries\AH.Collections.ReadOnlyDictionaries.csproj", "{CCA99B3E-1BD3-484E-B3E3-0B661FB52ED8}"
EndProject
Project("{FAE04EC0-301F-11D3-BF4B-00C04F79EFBC}") = "AH.URIs", "AH.URIs\AH.URIs.csproj", "{5FAB7FC9-9723-49C6-A093-74236119EAA0}"
EndProject
Global
	GlobalSection(SolutionConfigurationPlatforms) = preSolution
		Debug|Any CPU = Debug|Any CPU
		Release|Any CPU = Release|Any CPU
	EndGlobalSection
	GlobalSection(ProjectConfigurationPlatforms) = postSolution
		{EB720B5D-A8ED-413E-83FA-9E8C27CE590F}.Debug|Any CPU.ActiveCfg = Debug|Any CPU
		{EB720B5D-A8ED-413E-83FA-9E8C27CE590F}.Debug|Any CPU.Build.0 = Debug|Any CPU
		{EB720B5D-A8ED-413E-83FA-9E8C27CE590F}.Release|Any CPU.ActiveCfg = Release|Any CPU
		{EB720B5D-A8ED-413E-83FA-9E8C27CE590F}.Release|Any CPU.Build.0 = Release|Any CPU
		{35AF2C33-937D-4389-A603-4C80C44560DD}.Debug|Any CPU.ActiveCfg = Debug|Any CPU
		{35AF2C33-937D-4389-A603-4C80C44560DD}.Debug|Any CPU.Build.0 = Debug|Any CPU
		{35AF2C33-937D-4389-A603-4C80C44560DD}.Release|Any CPU.ActiveCfg = Release|Any CPU
		{35AF2C33-937D-4389-A603-4C80C44560DD}.Release|Any CPU.Build.0 = Release|Any CPU
		{AB45EC31-CDAB-42E0-BE19-19A80E130393}.Debug|Any CPU.ActiveCfg = Debug|Any CPU
		{AB45EC31-CDAB-42E0-BE19-19A80E130393}.Debug|Any CPU.Build.0 = Debug|Any CPU
		{AB45EC31-CDAB-42E0-BE19-19A80E130393}.Release|Any CPU.ActiveCfg = Release|Any CPU
		{AB45EC31-CDAB-42E0-BE19-19A80E130393}.Release|Any CPU.Build.0 = Release|Any CPU
		{938072E9-8144-476D-A528-080480F9526B}.Debug|Any CPU.ActiveCfg = Debug|Any CPU
		{938072E9-8144-476D-A528-080480F9526B}.Debug|Any CPU.Build.0 = Debug|Any CPU
		{938072E9-8144-476D-A528-080480F9526B}.Release|Any CPU.ActiveCfg = Release|Any CPU
		{938072E9-8144-476D-A528-080480F9526B}.Release|Any CPU.Build.0 = Release|Any CPU
		{22FA2D37-D368-4829-B113-76CBD2EC8972}.Debug|Any CPU.ActiveCfg = Debug|Any CPU
		{22FA2D37-D368-4829-B113-76CBD2EC8972}.Debug|Any CPU.Build.0 = Debug|Any CPU
		{22FA2D37-D368-4829-B113-76CBD2EC8972}.Release|Any CPU.ActiveCfg = Release|Any CPU
		{22FA2D37-D368-4829-B113-76CBD2EC8972}.Release|Any CPU.Build.0 = Release|Any CPU
		{22A70F2B-5D04-47B2-B862-7F76E2A71FFE}.Debug|Any CPU.ActiveCfg = Debug|Any CPU
		{22A70F2B-5D04-47B2-B862-7F76E2A71FFE}.Debug|Any CPU.Build.0 = Debug|Any CPU
		{22A70F2B-5D04-47B2-B862-7F76E2A71FFE}.Release|Any CPU.ActiveCfg = Release|Any CPU
		{22A70F2B-5D04-47B2-B862-7F76E2A71FFE}.Release|Any CPU.Build.0 = Release|Any CPU
		{ED3E2963-85EC-4E69-BBAE-6E0AE38F0D45}.Debug|Any CPU.ActiveCfg = Debug|Any CPU
		{ED3E2963-85EC-4E69-BBAE-6E0AE38F0D45}.Debug|Any CPU.Build.0 = Debug|Any CPU
		{ED3E2963-85EC-4E69-BBAE-6E0AE38F0D45}.Release|Any CPU.ActiveCfg = Release|Any CPU
		{ED3E2963-85EC-4E69-BBAE-6E0AE38F0D45}.Release|Any CPU.Build.0 = Release|Any CPU
		{C48C5ADF-8FB9-4320-AF3A-42354D0CA4EC}.Debug|Any CPU.ActiveCfg = Debug|Any CPU
		{C48C5ADF-8FB9-4320-AF3A-42354D0CA4EC}.Debug|Any CPU.Build.0 = Debug|Any CPU
		{C48C5ADF-8FB9-4320-AF3A-42354D0CA4EC}.Release|Any CPU.ActiveCfg = Release|Any CPU
		{C48C5ADF-8FB9-4320-AF3A-42354D0CA4EC}.Release|Any CPU.Build.0 = Release|Any CPU
		{3E703188-3994-476E-86B4-510C45A91355}.Debug|Any CPU.ActiveCfg = Debug|Any CPU
		{3E703188-3994-476E-86B4-510C45A91355}.Debug|Any CPU.Build.0 = Debug|Any CPU
		{3E703188-3994-476E-86B4-510C45A91355}.Release|Any CPU.ActiveCfg = Release|Any CPU
		{3E703188-3994-476E-86B4-510C45A91355}.Release|Any CPU.Build.0 = Release|Any CPU
		{8E802526-E5F1-4527-ADA3-68BF3B795EEC}.Debug|Any CPU.ActiveCfg = Debug|Any CPU
		{8E802526-E5F1-4527-ADA3-68BF3B795EEC}.Debug|Any CPU.Build.0 = Debug|Any CPU
		{8E802526-E5F1-4527-ADA3-68BF3B795EEC}.Release|Any CPU.ActiveCfg = Release|Any CPU
		{8E802526-E5F1-4527-ADA3-68BF3B795EEC}.Release|Any CPU.Build.0 = Release|Any CPU
		{3EC8C563-9850-4594-AAFE-50588A4DEDB0}.Debug|Any CPU.ActiveCfg = Debug|Any CPU
		{3EC8C563-9850-4594-AAFE-50588A4DEDB0}.Debug|Any CPU.Build.0 = Debug|Any CPU
		{3EC8C563-9850-4594-AAFE-50588A4DEDB0}.Release|Any CPU.ActiveCfg = Release|Any CPU
		{3EC8C563-9850-4594-AAFE-50588A4DEDB0}.Release|Any CPU.Build.0 = Release|Any CPU
		{31C9E619-49FD-48E5-99AB-8A2D22883148}.Debug|Any CPU.ActiveCfg = Debug|Any CPU
		{31C9E619-49FD-48E5-99AB-8A2D22883148}.Debug|Any CPU.Build.0 = Debug|Any CPU
		{31C9E619-49FD-48E5-99AB-8A2D22883148}.Release|Any CPU.ActiveCfg = Release|Any CPU
		{31C9E619-49FD-48E5-99AB-8A2D22883148}.Release|Any CPU.Build.0 = Release|Any CPU
		{9EABFA04-F6DA-4D2C-BA9D-DC4381A46955}.Debug|Any CPU.ActiveCfg = Debug|Any CPU
		{9EABFA04-F6DA-4D2C-BA9D-DC4381A46955}.Debug|Any CPU.Build.0 = Debug|Any CPU
		{9EABFA04-F6DA-4D2C-BA9D-DC4381A46955}.Release|Any CPU.ActiveCfg = Release|Any CPU
		{9EABFA04-F6DA-4D2C-BA9D-DC4381A46955}.Release|Any CPU.Build.0 = Release|Any CPU
		{CCA99B3E-1BD3-484E-B3E3-0B661FB52ED8}.Debug|Any CPU.ActiveCfg = Debug|Any CPU
		{CCA99B3E-1BD3-484E-B3E3-0B661FB52ED8}.Debug|Any CPU.Build.0 = Debug|Any CPU
		{CCA99B3E-1BD3-484E-B3E3-0B661FB52ED8}.Release|Any CPU.ActiveCfg = Release|Any CPU
		{CCA99B3E-1BD3-484E-B3E3-0B661FB52ED8}.Release|Any CPU.Build.0 = Release|Any CPU
		{5FAB7FC9-9723-49C6-A093-74236119EAA0}.Debug|Any CPU.ActiveCfg = Debug|Any CPU
		{5FAB7FC9-9723-49C6-A093-74236119EAA0}.Debug|Any CPU.Build.0 = Debug|Any CPU
		{5FAB7FC9-9723-49C6-A093-74236119EAA0}.Release|Any CPU.ActiveCfg = Release|Any CPU
		{5FAB7FC9-9723-49C6-A093-74236119EAA0}.Release|Any CPU.Build.0 = Release|Any CPU
	EndGlobalSection
EndGlobal
