
Microsoft Visual Studio Solution File, Format Version 12.00
Project("{FAE04EC0-301F-11D3-BF4B-00C04F79EFBC}") = "TestProject1", "TestProject1\TestProject1.csproj", "{EC90A864-7EA7-45DA-B165-0D57CAC1A805}"
EndProject
Global
	GlobalSection(SolutionConfigurationPlatforms) = preSolution
		Debug|Any CPU = Debug|Any CPU
		Release|Any CPU = Release|Any CPU
	EndGlobalSection
	GlobalSection(ProjectConfigurationPlatforms) = postSolution
		{EC90A864-7EA7-45DA-B165-0D57CAC1A805}.Debug|Any CPU.ActiveCfg = Debug|Any CPU
		{EC90A864-7EA7-45DA-B165-0D57CAC1A805}.Debug|Any CPU.Build.0 = Debug|Any CPU
		{EC90A864-7EA7-45DA-B165-0D57CAC1A805}.Release|Any CPU.ActiveCfg = Release|Any CPU
		{EC90A864-7EA7-45DA-B165-0D57CAC1A805}.Release|Any CPU.Build.0 = Release|Any CPU
	EndGlobalSection
EndGlobal
